
Microsoft Visual Studio Solution File, Format Version 12.00
# Visual Studio Version 16
VisualStudioVersion = 16.0.31515.178
MinimumVisualStudioVersion = 10.0.40219.1
Project("{FAE04EC0-301F-11D3-BF4B-00C04F79EFBC}") = "LojaUtilidades", "LojaUtilidades\LojaUtilidades.csproj", "{5CE84AD4-3EA0-4830-B869-7005E7FA58E4}"
EndProject
Global
	GlobalSection(SolutionConfigurationPlatforms) = preSolution
		Debug|Any CPU = Debug|Any CPU
		Release|Any CPU = Release|Any CPU
	EndGlobalSection
	GlobalSection(ProjectConfigurationPlatforms) = postSolution
		{5CE84AD4-3EA0-4830-B869-7005E7FA58E4}.Debug|Any CPU.ActiveCfg = Debug|Any CPU
		{5CE84AD4-3EA0-4830-B869-7005E7FA58E4}.Debug|Any CPU.Build.0 = Debug|Any CPU
		{5CE84AD4-3EA0-4830-B869-7005E7FA58E4}.Release|Any CPU.ActiveCfg = Release|Any CPU
		{5CE84AD4-3EA0-4830-B869-7005E7FA58E4}.Release|Any CPU.Build.0 = Release|Any CPU
	EndGlobalSection
	GlobalSection(SolutionProperties) = preSolution
		HideSolutionNode = FALSE
	EndGlobalSection
	GlobalSection(ExtensibilityGlobals) = postSolution
		SolutionGuid = {A1F5C29A-E0E4-4C7D-A0FD-F9CAA5EBF2ED}
	EndGlobalSection
EndGlobal
